
Microsoft Visual Studio Solution File, Format Version 12.00
# Visual Studio Version 17
VisualStudioVersion = 17.13.35919.96
MinimumVisualStudioVersion = 10.0.40219.1
Project("{FAE04EC0-301F-11D3-BF4B-00C04F79EFBC}") = "FBrowser_Mobile", "FBrowser_Mobile\FBrowser_Mobile.csproj", "{50F1F6FD-B682-450E-8E5F-66D5D4371523}"
EndProject
Global
	GlobalSection(SolutionConfigurationPlatforms) = preSolution
		Debug|Any CPU = Debug|Any CPU
		Release|Any CPU = Release|Any CPU
	EndGlobalSection
	GlobalSection(ProjectConfigurationPlatforms) = postSolution
		{50F1F6FD-B682-450E-8E5F-66D5D4371523}.Debug|Any CPU.ActiveCfg = Debug|Any CPU
		{50F1F6FD-B682-450E-8E5F-66D5D4371523}.Debug|Any CPU.Build.0 = Debug|Any CPU
		{50F1F6FD-B682-450E-8E5F-66D5D4371523}.Debug|Any CPU.Deploy.0 = Debug|Any CPU
		{50F1F6FD-B682-450E-8E5F-66D5D4371523}.Release|Any CPU.ActiveCfg = Release|Any CPU
		{50F1F6FD-B682-450E-8E5F-66D5D4371523}.Release|Any CPU.Build.0 = Release|Any CPU
	EndGlobalSection
	GlobalSection(SolutionProperties) = preSolution
		HideSolutionNode = FALSE
	EndGlobalSection
	GlobalSection(ExtensibilityGlobals) = postSolution
		SolutionGuid = {1621888A-631B-4B1E-BCC9-BB296CD20D86}
	EndGlobalSection
EndGlobal
